
Microsoft Visual Studio Solution File, Format Version 12.00
# Visual Studio 14
VisualStudioVersion = 14.0.25420.1
MinimumVisualStudioVersion = 10.0.40219.1
Project("{FAE04EC0-301F-11D3-BF4B-00C04F79EFBC}") = "DeDuplicate.Ui", "DeDuplicate.Ui\DeDuplicate.Ui.csproj", "{E932AC52-9E6D-47C9-B45C-FAC52B18063A}"
EndProject
Project("{FAE04EC0-301F-11D3-BF4B-00C04F79EFBC}") = "DeDuplicate.Bll", "DeDuplicate.Bll\DeDuplicate.Bll.csproj", "{08FCD1F8-0903-4BF4-B3BB-96F867DD04B4}"
EndProject
Project("{FAE04EC0-301F-11D3-BF4B-00C04F79EFBC}") = "DeDuplicate.Tests", "DeDuplicate.Tests\DeDuplicate.Tests.csproj", "{149D8E7B-6A32-4BCF-8188-3E1FDCB1A944}"
EndProject
Project("{FAE04EC0-301F-11D3-BF4B-00C04F79EFBC}") = "DeDuplicate.Logging", "DeDuplicate.Logging\DeDuplicate.Logging.csproj", "{10A15406-CA8B-4F0C-BCAA-11F49FF00AAA}"
EndProject
Global
	GlobalSection(SolutionConfigurationPlatforms) = preSolution
		Debug|Any CPU = Debug|Any CPU
		Release|Any CPU = Release|Any CPU
	EndGlobalSection
	GlobalSection(ProjectConfigurationPlatforms) = postSolution
		{E932AC52-9E6D-47C9-B45C-FAC52B18063A}.Debug|Any CPU.ActiveCfg = Debug|Any CPU
		{E932AC52-9E6D-47C9-B45C-FAC52B18063A}.Debug|Any CPU.Build.0 = Debug|Any CPU
		{E932AC52-9E6D-47C9-B45C-FAC52B18063A}.Release|Any CPU.ActiveCfg = Release|Any CPU
		{E932AC52-9E6D-47C9-B45C-FAC52B18063A}.Release|Any CPU.Build.0 = Release|Any CPU
		{08FCD1F8-0903-4BF4-B3BB-96F867DD04B4}.Debug|Any CPU.ActiveCfg = Debug|Any CPU
		{08FCD1F8-0903-4BF4-B3BB-96F867DD04B4}.Debug|Any CPU.Build.0 = Debug|Any CPU
		{08FCD1F8-0903-4BF4-B3BB-96F867DD04B4}.Release|Any CPU.ActiveCfg = Release|Any CPU
		{08FCD1F8-0903-4BF4-B3BB-96F867DD04B4}.Release|Any CPU.Build.0 = Release|Any CPU
		{149D8E7B-6A32-4BCF-8188-3E1FDCB1A944}.Debug|Any CPU.ActiveCfg = Debug|Any CPU
		{149D8E7B-6A32-4BCF-8188-3E1FDCB1A944}.Debug|Any CPU.Build.0 = Debug|Any CPU
		{149D8E7B-6A32-4BCF-8188-3E1FDCB1A944}.Release|Any CPU.ActiveCfg = Release|Any CPU
		{149D8E7B-6A32-4BCF-8188-3E1FDCB1A944}.Release|Any CPU.Build.0 = Release|Any CPU
		{10A15406-CA8B-4F0C-BCAA-11F49FF00AAA}.Debug|Any CPU.ActiveCfg = Debug|Any CPU
		{10A15406-CA8B-4F0C-BCAA-11F49FF00AAA}.Debug|Any CPU.Build.0 = Debug|Any CPU
		{10A15406-CA8B-4F0C-BCAA-11F49FF00AAA}.Release|Any CPU.ActiveCfg = Release|Any CPU
		{10A15406-CA8B-4F0C-BCAA-11F49FF00AAA}.Release|Any CPU.Build.0 = Release|Any CPU
	EndGlobalSection
	GlobalSection(SolutionProperties) = preSolution
		HideSolutionNode = FALSE
	EndGlobalSection
EndGlobal
